// !$*UTF8*$!
{
	archiveVersion = 1;
	classes = {
	};
	objectVersion = 56;
	objects = {

/* Begin PBXBuildFile section */
		/* App */
		APP001 /* FootballProApp.swift in Sources */ = {isa = PBXBuildFile; fileRef = SRC001; };

		/* Models */
		MOD001 /* Player.swift in Sources */ = {isa = PBXBuildFile; fileRef = SRC002; };
		MOD002 /* Team.swift in Sources */ = {isa = PBXBuildFile; fileRef = SRC003; };
		MOD003 /* Game.swift in Sources */ = {isa = PBXBuildFile; fileRef = SRC004; };
		MOD004 /* Play.swift in Sources */ = {isa = PBXBuildFile; fileRef = SRC005; };
		MOD005 /* Season.swift in Sources */ = {isa = PBXBuildFile; fileRef = SRC006; };
		MOD006 /* League.swift in Sources */ = {isa = PBXBuildFile; fileRef = SRC007; };
		MOD007 /* WeatherSystem.swift in Sources */ = {isa = PBXBuildFile; fileRef = SRC082; };
		MOD008 /* CoachingProfile.swift in Sources */ = {isa = PBXBuildFile; fileRef = SRC084; };

		/* Engine */
		ENG001 /* SimulationEngine.swift in Sources */ = {isa = PBXBuildFile; fileRef = SRC008; };
		ENG002 /* PlayResolver.swift in Sources */ = {isa = PBXBuildFile; fileRef = SRC009; };
		ENG003 /* StatCalculator.swift in Sources */ = {isa = PBXBuildFile; fileRef = SRC010; };
		ENG004 /* AICoach.swift in Sources */ = {isa = PBXBuildFile; fileRef = SRC011; };
		ENG005 /* DraftEngine.swift in Sources */ = {isa = PBXBuildFile; fileRef = SRC012; };

		/* Input */
		INP001 /* InputManager.swift in Sources */ = {isa = PBXBuildFile; fileRef = SRC013; };
		INP002 /* ControllerManager.swift in Sources */ = {isa = PBXBuildFile; fileRef = SRC014; };
		INP003 /* KeyboardShortcuts.swift in Sources */ = {isa = PBXBuildFile; fileRef = SRC015; };

		/* ViewModels */
		VWM001 /* GameViewModel.swift in Sources */ = {isa = PBXBuildFile; fileRef = SRC016; };
		VWM002 /* TeamViewModel.swift in Sources */ = {isa = PBXBuildFile; fileRef = SRC017; };
		VWM003 /* SeasonViewModel.swift in Sources */ = {isa = PBXBuildFile; fileRef = SRC018; };
		VWM004 /* LeagueViewModel.swift in Sources */ = {isa = PBXBuildFile; fileRef = SRC019; };

		/* Views */
		VIW001 /* MainMenuView.swift in Sources */ = {isa = PBXBuildFile; fileRef = SRC020; };
		VIW002 /* GameDayView.swift in Sources */ = {isa = PBXBuildFile; fileRef = SRC021; };
		VIW003 /* RosterView.swift in Sources */ = {isa = PBXBuildFile; fileRef = SRC022; };
		VIW004 /* PlayerCard.swift in Sources */ = {isa = PBXBuildFile; fileRef = SRC023; };
		VIW005 /* StatTable.swift in Sources */ = {isa = PBXBuildFile; fileRef = SRC024; };
		VIW006 /* NavigationBar.swift in Sources */ = {isa = PBXBuildFile; fileRef = SRC025; };

		/* Services */
		SVC001 /* SaveGameService.swift in Sources */ = {isa = PBXBuildFile; fileRef = SRC026; };
		SVC002 /* SettingsService.swift in Sources */ = {isa = PBXBuildFile; fileRef = SRC027; };
		SVC003 /* SoundManager.swift in Sources */ = {isa = PBXBuildFile; fileRef = SRC031; };
		SVC004 /* PRFDecoder.swift in Sources */ = {isa = PBXBuildFile; fileRef = SRC037; };
		SVC005 /* AuthenticPlaybookLoader.swift in Sources */ = {isa = PBXBuildFile; fileRef = SRC038; };
		SVC006 /* NameDecoder.swift in Sources */ = {isa = PBXBuildFile; fileRef = SRC040; };
		SVC007 /* InjuryDecoder.swift in Sources */ = {isa = PBXBuildFile; fileRef = SRC041; };
		SVC008 /* CitiesDecoder.swift in Sources */ = {isa = PBXBuildFile; fileRef = SRC042; };
		SVC009 /* PALDecoder.swift in Sources */ = {isa = PBXBuildFile; fileRef = SRC043; };
		SVC010 /* GameIntroDecoder.swift in Sources */ = {isa = PBXBuildFile; fileRef = SRC044; };
		SVC011 /* LGEDecoder.swift in Sources */ = {isa = PBXBuildFile; fileRef = SRC045; };
		SVC012 /* PYRDecoder.swift in Sources */ = {isa = PBXBuildFile; fileRef = SRC046; };
		SVC013 /* FormationDecoder.swift in Sources */ = {isa = PBXBuildFile; fileRef = SRC047; };
		SVC014 /* CalendarDecoder.swift in Sources */ = {isa = PBXBuildFile; fileRef = SRC048; };
		SVC015 /* ScheduleTemplateDecoder.swift in Sources */ = {isa = PBXBuildFile; fileRef = SRC049; };
		SVC016 /* MagazineDecoder.swift in Sources */ = {isa = PBXBuildFile; fileRef = SRC050; };
		SVC017 /* ScreenshotService.swift in Sources */ = {isa = PBXBuildFile; fileRef = SRC051; };
		SVC018 /* ScreenshotHarness.swift in Sources */ = {isa = PBXBuildFile; fileRef = SRC052; };
		SVC019 /* MsgDecoder.swift in Sources */ = {isa = PBXBuildFile; fileRef = SRC054; };
		SVC020 /* PYFDecoder.swift in Sources */ = {isa = PBXBuildFile; fileRef = SRC055; };
		SVC021 /* LGCDecoder.swift in Sources */ = {isa = PBXBuildFile; fileRef = SRC056; };
		SVC022 /* LGTDecoder.swift in Sources */ = {isa = PBXBuildFile; fileRef = SRC057; };
		SVC023 /* AnimDecoder.swift in Sources */ = {isa = PBXBuildFile; fileRef = SRC058; };
		SVC024 /* SpriteCache.swift in Sources */ = {isa = PBXBuildFile; fileRef = SRC059; };
		SVC025 /* SCRDecoder.swift in Sources */ = {isa = PBXBuildFile; fileRef = SRC062; };
		SVC026 /* SampleDecoder.swift in Sources */ = {isa = PBXBuildFile; fileRef = SRC063; };
		SVC027 /* SampleAudioService.swift in Sources */ = {isa = PBXBuildFile; fileRef = SRC064; };
		SVC028 /* SeasonStatsDecoder.swift in Sources */ = {isa = PBXBuildFile; fileRef = SRC074; };
		SVC029 /* StockDATDecoder.swift in Sources */ = {isa = PBXBuildFile; fileRef = SRC075; };
		VIW011 /* ScreenshotCaptureWindow.swift in Sources */ = {isa = PBXBuildFile; fileRef = SRC053; };
		VIW012 /* AuthenticSplashScreen.swift in Sources */ = {isa = PBXBuildFile; fileRef = SRC061; };

		/* Franchise Views */
		VIW013 /* StandingsView.swift in Sources */ = {isa = PBXBuildFile; fileRef = SRC065; };
		VIW014 /* StatsView.swift in Sources */ = {isa = PBXBuildFile; fileRef = SRC066; };
		VIW015 /* DraftRoomView.swift in Sources */ = {isa = PBXBuildFile; fileRef = SRC067; };
		VIW016 /* PlayoffBracketView.swift in Sources */ = {isa = PBXBuildFile; fileRef = SRC068; };
		VIW017 /* TradeProposalView.swift in Sources */ = {isa = PBXBuildFile; fileRef = SRC069; };
		VIW018 /* FreeAgencyView.swift in Sources */ = {isa = PBXBuildFile; fileRef = SRC070; };
		VIW019 /* DepthChartView.swift in Sources */ = {isa = PBXBuildFile; fileRef = SRC071; };
		VIW020 /* SaveLoadView.swift in Sources */ = {isa = PBXBuildFile; fileRef = SRC072; };
		VIW021 /* SettingsView.swift in Sources */ = {isa = PBXBuildFile; fileRef = SRC073; };
		VIW022 /* ExhibitionSetupView.swift in Sources */ = {isa = PBXBuildFile; fileRef = SRC078; };
		VIW023 /* CoinTossView.swift in Sources */ = {isa = PBXBuildFile; fileRef = SRC079; };
		VIW024 /* FPSKickingView.swift in Sources */ = {isa = PBXBuildFile; fileRef = NEW006FR; };
		VIW025 /* PlayerEditorView.swift in Sources */ = {isa = PBXBuildFile; fileRef = SRC081; };
		VIW026 /* TrainingCampView.swift in Sources */ = {isa = PBXBuildFile; fileRef = SRC085; };
		MOD007 /* WeatherSystem.swift in Sources */ = {isa = PBXBuildFile; fileRef = SRC082; };
		INP004 /* PlayerControlState.swift in Sources */ = {isa = PBXBuildFile; fileRef = SRC083; };

		/* Additional Views */
		VIW007 /* GameAnimations.swift in Sources */ = {isa = PBXBuildFile; fileRef = SRC032; };
		VIW008 /* RetroFieldView.swift in Sources */ = {isa = PBXBuildFile; fileRef = SRC033; };
		VIW009 /* FieldView3D.swift in Sources */ = {isa = PBXBuildFile; fileRef = SRC034; };
		VIW010 /* InteractiveFieldView.swift in Sources */ = {isa = PBXBuildFile; fileRef = SRC036; };

		/* Physics Engine */
		ENG006 /* PhysicsEngine.swift in Sources */ = {isa = PBXBuildFile; fileRef = SRC035; };
		ENG007 /* RouteScriptDecoder.swift in Sources */ = {isa = PBXBuildFile; fileRef = SRC039; };
		ENG008 /* PlayerAnimationState.swift in Sources */ = {isa = PBXBuildFile; fileRef = SRC060; };
		ENG009 /* FastSimEngine.swift in Sources */ = {isa = PBXBuildFile; fileRef = SRC086; };

		/* Resources */
		RES001 /* PlaybookData.json in Resources */ = {isa = PBXBuildFile; fileRef = SRC028; };
		RES002 /* TeamData.json in Resources */ = {isa = PBXBuildFile; fileRef = SRC029; };
		RES003 /* Assets.xcassets in Resources */ = {isa = PBXBuildFile; fileRef = SRC030; };
		RES004 /* BALL.SCR in Resources */ = {isa = PBXBuildFile; fileRef = SRC076; };
		RES005 /* KICK.SCR in Resources */ = {isa = PBXBuildFile; fileRef = SRC077; };
		914732D6C9240E9B10B3A29B /* RetroStyle.swift in Sources */ = {isa = PBXBuildFile; fileRef = 0DBE3A96EF1C83F6D1C037C1 /* RetroStyle.swift */; };
		897F2E43EE774621E5A28342 /* PlayRoute.swift in Sources */ = {isa = PBXBuildFile; fileRef = 1E44E63DDDC5274C33620B28 /* PlayRoute.swift */; };
		6796A29516984646DC0CA87F /* PlayerRole.swift in Sources */ = {isa = PBXBuildFile; fileRef = E84D11AB8190F08D13810BA1 /* PlayerRole.swift */; };
		B60695C31803EF15DAB6ECAA /* DefensivePlayArt.swift in Sources */ = {isa = PBXBuildFile; fileRef = 93C8BC81932798AE978F7215 /* DefensivePlayArt.swift */; };
		B74C37943A02234FEE0BF045 /* SpecialTeamsPlayArt.swift in Sources */ = {isa = PBXBuildFile; fileRef = 1AB3948F3F97A7A0356BEC7D /* SpecialTeamsPlayArt.swift */; };
		D001BDE0440565DDE3109F67 /* PlayDiagramView.swift in Sources */ = {isa = PBXBuildFile; fileRef = A546A62F1266E456547D5C36 /* PlayDiagramView.swift */; };
		21BE0E9D9EAEA11E5DAF6910 /* PlayAnimationEngine.swift in Sources */ = {isa = PBXBuildFile; fileRef = 52C4A044231699EDDDFD4ABA /* PlayAnimationEngine.swift */; };
		68FA4D5AF7C5A100C11C022B /* FPSFieldView.swift in Sources */ = {isa = PBXBuildFile; fileRef = B7342355E3DA1E34E764E7FF /* FPSFieldView.swift */; };
		4A99508DF8BE4E42DB728747 /* FieldPhysics.swift in Sources */ = {isa = PBXBuildFile; fileRef = 10B0ACAF1FC2984D3F73D7F4 /* FieldPhysics.swift */; };
		A80A961EF7B43000700D2CC5 /* SplashScreen.swift in Sources */ = {isa = PBXBuildFile; fileRef = B616A116A1B386593A1B5E5E /* SplashScreen.swift */; };
		C206A443E87EA7FEFBA62E7A /* PlayAnimationBlueprint.swift in Sources */ = {isa = PBXBuildFile; fileRef = B433A2E0D0AA1760A54BDB2F /* PlayAnimationBlueprint.swift */; };
		3937F22D72A5371AA6B9A9E8 /* PlayBlueprintGenerator.swift in Sources */ = {isa = PBXBuildFile; fileRef = FEB89F5B73F019E858B139B4 /* PlayBlueprintGenerator.swift */; };
		NEW001BF /* FPSPlayCallingScreen.swift in Sources */ = {isa = PBXBuildFile; fileRef = NEW001FR /* FPSPlayCallingScreen.swift */; };
		NEW002BF /* FPSScoreboardBar.swift in Sources */ = {isa = PBXBuildFile; fileRef = NEW002FR /* FPSScoreboardBar.swift */; };
		NEW003BF /* FPSPlayResultOverlay.swift in Sources */ = {isa = PBXBuildFile; fileRef = NEW003FR /* FPSPlayResultOverlay.swift */; };
		NEW004BF /* FPSRefereeOverlay.swift in Sources */ = {isa = PBXBuildFile; fileRef = NEW004FR /* FPSRefereeOverlay.swift */; };
		NEW005BF /* FPSReplayControls.swift in Sources */ = {isa = PBXBuildFile; fileRef = NEW005FR /* FPSReplayControls.swift */; };
		NEW007BF /* FPSSubstitutionPanel.swift in Sources */ = {isa = PBXBuildFile; fileRef = NEW007FR /* FPSSubstitutionPanel.swift */; };
		NEW008BF /* FPSEditAudiblesPanel.swift in Sources */ = {isa = PBXBuildFile; fileRef = NEW008FR /* FPSEditAudiblesPanel.swift */; };
		NEW009BF /* FPSGameSettingsView.swift in Sources */ = {isa = PBXBuildFile; fileRef = NEW009FR /* FPSGameSettingsView.swift */; };
/* End PBXBuildFile section */

/* Begin PBXFileReference section */
		PROD001 /* footballPro.app */ = {isa = PBXFileReference; explicitFileType = wrapper.application; includeInIndex = 0; path = footballPro.app; sourceTree = BUILT_PRODUCTS_DIR; };

		/* App */
		SRC001 /* FootballProApp.swift */ = {isa = PBXFileReference; lastKnownFileType = sourcecode.swift; path = FootballProApp.swift; sourceTree = "<group>"; };

		/* Models */
		SRC002 /* Player.swift */ = {isa = PBXFileReference; lastKnownFileType = sourcecode.swift; path = Player.swift; sourceTree = "<group>"; };
		SRC003 /* Team.swift */ = {isa = PBXFileReference; lastKnownFileType = sourcecode.swift; path = Team.swift; sourceTree = "<group>"; };
		SRC004 /* Game.swift */ = {isa = PBXFileReference; lastKnownFileType = sourcecode.swift; path = Game.swift; sourceTree = "<group>"; };
		SRC005 /* Play.swift */ = {isa = PBXFileReference; lastKnownFileType = sourcecode.swift; path = Play.swift; sourceTree = "<group>"; };
		SRC006 /* Season.swift */ = {isa = PBXFileReference; lastKnownFileType = sourcecode.swift; path = Season.swift; sourceTree = "<group>"; };
		SRC007 /* League.swift */ = {isa = PBXFileReference; lastKnownFileType = sourcecode.swift; path = League.swift; sourceTree = "<group>"; };

		/* Engine */
		SRC008 /* SimulationEngine.swift */ = {isa = PBXFileReference; lastKnownFileType = sourcecode.swift; path = SimulationEngine.swift; sourceTree = "<group>"; };
		SRC009 /* PlayResolver.swift */ = {isa = PBXFileReference; lastKnownFileType = sourcecode.swift; path = PlayResolver.swift; sourceTree = "<group>"; };
		SRC010 /* StatCalculator.swift */ = {isa = PBXFileReference; lastKnownFileType = sourcecode.swift; path = StatCalculator.swift; sourceTree = "<group>"; };
		SRC011 /* AICoach.swift */ = {isa = PBXFileReference; lastKnownFileType = sourcecode.swift; path = AICoach.swift; sourceTree = "<group>"; };
		SRC012 /* DraftEngine.swift */ = {isa = PBXFileReference; lastKnownFileType = sourcecode.swift; path = DraftEngine.swift; sourceTree = "<group>"; };

		/* Input */
		SRC013 /* InputManager.swift */ = {isa = PBXFileReference; lastKnownFileType = sourcecode.swift; path = InputManager.swift; sourceTree = "<group>"; };
		SRC014 /* ControllerManager.swift */ = {isa = PBXFileReference; lastKnownFileType = sourcecode.swift; path = ControllerManager.swift; sourceTree = "<group>"; };
		SRC015 /* KeyboardShortcuts.swift */ = {isa = PBXFileReference; lastKnownFileType = sourcecode.swift; path = KeyboardShortcuts.swift; sourceTree = "<group>"; };

		/* ViewModels */
		SRC016 /* GameViewModel.swift */ = {isa = PBXFileReference; lastKnownFileType = sourcecode.swift; path = GameViewModel.swift; sourceTree = "<group>"; };
		SRC017 /* TeamViewModel.swift */ = {isa = PBXFileReference; lastKnownFileType = sourcecode.swift; path = TeamViewModel.swift; sourceTree = "<group>"; };
		SRC018 /* SeasonViewModel.swift */ = {isa = PBXFileReference; lastKnownFileType = sourcecode.swift; path = SeasonViewModel.swift; sourceTree = "<group>"; };
		SRC019 /* LeagueViewModel.swift */ = {isa = PBXFileReference; lastKnownFileType = sourcecode.swift; path = LeagueViewModel.swift; sourceTree = "<group>"; };

		/* Views */
		SRC020 /* MainMenuView.swift */ = {isa = PBXFileReference; lastKnownFileType = sourcecode.swift; path = MainMenuView.swift; sourceTree = "<group>"; };
		SRC021 /* GameDayView.swift */ = {isa = PBXFileReference; lastKnownFileType = sourcecode.swift; path = GameDayView.swift; sourceTree = "<group>"; };
		SRC022 /* RosterView.swift */ = {isa = PBXFileReference; lastKnownFileType = sourcecode.swift; path = RosterView.swift; sourceTree = "<group>"; };
		SRC023 /* PlayerCard.swift */ = {isa = PBXFileReference; lastKnownFileType = sourcecode.swift; path = PlayerCard.swift; sourceTree = "<group>"; };
		SRC024 /* StatTable.swift */ = {isa = PBXFileReference; lastKnownFileType = sourcecode.swift; path = StatTable.swift; sourceTree = "<group>"; };
		SRC025 /* NavigationBar.swift */ = {isa = PBXFileReference; lastKnownFileType = sourcecode.swift; path = NavigationBar.swift; sourceTree = "<group>"; };

		/* Services */
		SRC026 /* SaveGameService.swift */ = {isa = PBXFileReference; lastKnownFileType = sourcecode.swift; path = SaveGameService.swift; sourceTree = "<group>"; };
		SRC027 /* SettingsService.swift */ = {isa = PBXFileReference; lastKnownFileType = sourcecode.swift; path = SettingsService.swift; sourceTree = "<group>"; };

		/* Resources */
		SRC028 /* PlaybookData.json */ = {isa = PBXFileReference; lastKnownFileType = text.json; path = PlaybookData.json; sourceTree = "<group>"; };
		SRC029 /* TeamData.json */ = {isa = PBXFileReference; lastKnownFileType = text.json; path = TeamData.json; sourceTree = "<group>"; };
		SRC030 /* Assets.xcassets */ = {isa = PBXFileReference; lastKnownFileType = folder.assetcatalog; path = Assets.xcassets; sourceTree = "<group>"; };

		/* Additional Files */
		SRC031 /* SoundManager.swift */ = {isa = PBXFileReference; lastKnownFileType = sourcecode.swift; path = SoundManager.swift; sourceTree = "<group>"; };
		SRC032 /* GameAnimations.swift */ = {isa = PBXFileReference; lastKnownFileType = sourcecode.swift; path = GameAnimations.swift; sourceTree = "<group>"; };
		SRC033 /* RetroFieldView.swift */ = {isa = PBXFileReference; lastKnownFileType = sourcecode.swift; path = RetroFieldView.swift; sourceTree = "<group>"; };
		SRC034 /* FieldView3D.swift */ = {isa = PBXFileReference; lastKnownFileType = sourcecode.swift; path = FieldView3D.swift; sourceTree = "<group>"; };
		SRC035 /* PhysicsEngine.swift */ = {isa = PBXFileReference; lastKnownFileType = sourcecode.swift; path = PhysicsEngine.swift; sourceTree = "<group>"; };
		SRC036 /* InteractiveFieldView.swift */ = {isa = PBXFileReference; lastKnownFileType = sourcecode.swift; path = InteractiveFieldView.swift; sourceTree = "<group>"; };
		SRC037 /* PRFDecoder.swift */ = {isa = PBXFileReference; lastKnownFileType = sourcecode.swift; path = PRFDecoder.swift; sourceTree = "<group>"; };
		SRC038 /* AuthenticPlaybookLoader.swift */ = {isa = PBXFileReference; lastKnownFileType = sourcecode.swift; path = AuthenticPlaybookLoader.swift; sourceTree = "<group>"; };
		SRC039 /* RouteScriptDecoder.swift */ = {isa = PBXFileReference; lastKnownFileType = sourcecode.swift; path = RouteScriptDecoder.swift; sourceTree = "<group>"; };
		SRC040 /* NameDecoder.swift */ = {isa = PBXFileReference; lastKnownFileType = sourcecode.swift; path = NameDecoder.swift; sourceTree = "<group>"; };
		SRC041 /* InjuryDecoder.swift */ = {isa = PBXFileReference; lastKnownFileType = sourcecode.swift; path = InjuryDecoder.swift; sourceTree = "<group>"; };
		SRC042 /* CitiesDecoder.swift */ = {isa = PBXFileReference; lastKnownFileType = sourcecode.swift; path = CitiesDecoder.swift; sourceTree = "<group>"; };
		SRC043 /* PALDecoder.swift */ = {isa = PBXFileReference; lastKnownFileType = sourcecode.swift; path = PALDecoder.swift; sourceTree = "<group>"; };
		SRC044 /* GameIntroDecoder.swift */ = {isa = PBXFileReference; lastKnownFileType = sourcecode.swift; path = GameIntroDecoder.swift; sourceTree = "<group>"; };
		SRC045 /* LGEDecoder.swift */ = {isa = PBXFileReference; lastKnownFileType = sourcecode.swift; path = LGEDecoder.swift; sourceTree = "<group>"; };
		SRC046 /* PYRDecoder.swift */ = {isa = PBXFileReference; lastKnownFileType = sourcecode.swift; path = PYRDecoder.swift; sourceTree = "<group>"; };
		SRC047 /* FormationDecoder.swift */ = {isa = PBXFileReference; lastKnownFileType = sourcecode.swift; path = FormationDecoder.swift; sourceTree = "<group>"; };
		SRC048 /* CalendarDecoder.swift */ = {isa = PBXFileReference; lastKnownFileType = sourcecode.swift; path = CalendarDecoder.swift; sourceTree = "<group>"; };
		SRC049 /* ScheduleTemplateDecoder.swift */ = {isa = PBXFileReference; lastKnownFileType = sourcecode.swift; path = ScheduleTemplateDecoder.swift; sourceTree = "<group>"; };
		SRC050 /* MagazineDecoder.swift */ = {isa = PBXFileReference; lastKnownFileType = sourcecode.swift; path = MagazineDecoder.swift; sourceTree = "<group>"; };
		SRC051 /* ScreenshotService.swift */ = {isa = PBXFileReference; lastKnownFileType = sourcecode.swift; path = ScreenshotService.swift; sourceTree = "<group>"; };
		SRC052 /* ScreenshotHarness.swift */ = {isa = PBXFileReference; lastKnownFileType = sourcecode.swift; path = ScreenshotHarness.swift; sourceTree = "<group>"; };
		SRC053 /* ScreenshotCaptureWindow.swift */ = {isa = PBXFileReference; lastKnownFileType = sourcecode.swift; path = ScreenshotCaptureWindow.swift; sourceTree = "<group>"; };
		SRC054 /* MsgDecoder.swift */ = {isa = PBXFileReference; lastKnownFileType = sourcecode.swift; path = MsgDecoder.swift; sourceTree = "<group>"; };
		SRC055 /* PYFDecoder.swift */ = {isa = PBXFileReference; lastKnownFileType = sourcecode.swift; path = PYFDecoder.swift; sourceTree = "<group>"; };
		SRC056 /* LGCDecoder.swift */ = {isa = PBXFileReference; lastKnownFileType = sourcecode.swift; path = LGCDecoder.swift; sourceTree = "<group>"; };
		SRC057 /* LGTDecoder.swift */ = {isa = PBXFileReference; lastKnownFileType = sourcecode.swift; path = LGTDecoder.swift; sourceTree = "<group>"; };
		SRC058 /* AnimDecoder.swift */ = {isa = PBXFileReference; lastKnownFileType = sourcecode.swift; path = AnimDecoder.swift; sourceTree = "<group>"; };
		SRC059 /* SpriteCache.swift */ = {isa = PBXFileReference; lastKnownFileType = sourcecode.swift; path = SpriteCache.swift; sourceTree = "<group>"; };
		SRC060 /* PlayerAnimationState.swift */ = {isa = PBXFileReference; lastKnownFileType = sourcecode.swift; path = PlayerAnimationState.swift; sourceTree = "<group>"; };
		SRC061 /* AuthenticSplashScreen.swift */ = {isa = PBXFileReference; lastKnownFileType = sourcecode.swift; path = AuthenticSplashScreen.swift; sourceTree = "<group>"; };
		SRC062 /* SCRDecoder.swift */ = {isa = PBXFileReference; lastKnownFileType = sourcecode.swift; path = SCRDecoder.swift; sourceTree = "<group>"; };
		SRC063 /* SampleDecoder.swift */ = {isa = PBXFileReference; lastKnownFileType = sourcecode.swift; path = SampleDecoder.swift; sourceTree = "<group>"; };
		SRC064 /* SampleAudioService.swift */ = {isa = PBXFileReference; lastKnownFileType = sourcecode.swift; path = SampleAudioService.swift; sourceTree = "<group>"; };
		SRC074 /* SeasonStatsDecoder.swift */ = {isa = PBXFileReference; lastKnownFileType = sourcecode.swift; path = SeasonStatsDecoder.swift; sourceTree = "<group>"; };
		SRC075 /* StockDATDecoder.swift */ = {isa = PBXFileReference; lastKnownFileType = sourcecode.swift; path = StockDATDecoder.swift; sourceTree = "<group>"; };
		SRC076 /* BALL.SCR */ = {isa = PBXFileReference; lastKnownFileType = file; path = BALL.SCR; sourceTree = "<group>"; };
		SRC077 /* KICK.SCR */ = {isa = PBXFileReference; lastKnownFileType = file; path = KICK.SCR; sourceTree = "<group>"; };

		/* Franchise Views */
		SRC065 /* StandingsView.swift */ = {isa = PBXFileReference; lastKnownFileType = sourcecode.swift; path = StandingsView.swift; sourceTree = "<group>"; };
		SRC066 /* StatsView.swift */ = {isa = PBXFileReference; lastKnownFileType = sourcecode.swift; path = StatsView.swift; sourceTree = "<group>"; };
		SRC067 /* DraftRoomView.swift */ = {isa = PBXFileReference; lastKnownFileType = sourcecode.swift; path = DraftRoomView.swift; sourceTree = "<group>"; };
		SRC068 /* PlayoffBracketView.swift */ = {isa = PBXFileReference; lastKnownFileType = sourcecode.swift; path = PlayoffBracketView.swift; sourceTree = "<group>"; };
		SRC069 /* TradeProposalView.swift */ = {isa = PBXFileReference; lastKnownFileType = sourcecode.swift; path = TradeProposalView.swift; sourceTree = "<group>"; };
		SRC070 /* FreeAgencyView.swift */ = {isa = PBXFileReference; lastKnownFileType = sourcecode.swift; path = FreeAgencyView.swift; sourceTree = "<group>"; };
		SRC071 /* DepthChartView.swift */ = {isa = PBXFileReference; lastKnownFileType = sourcecode.swift; path = DepthChartView.swift; sourceTree = "<group>"; };
		SRC072 /* SaveLoadView.swift */ = {isa = PBXFileReference; lastKnownFileType = sourcecode.swift; path = SaveLoadView.swift; sourceTree = "<group>"; };
		SRC073 /* SettingsView.swift */ = {isa = PBXFileReference; lastKnownFileType = sourcecode.swift; path = SettingsView.swift; sourceTree = "<group>"; };
		SRC078 /* ExhibitionSetupView.swift */ = {isa = PBXFileReference; lastKnownFileType = sourcecode.swift; path = ExhibitionSetupView.swift; sourceTree = "<group>"; };
		SRC079 /* CoinTossView.swift */ = {isa = PBXFileReference; lastKnownFileType = sourcecode.swift; path = CoinTossView.swift; sourceTree = "<group>"; };
		SRC081 /* PlayerEditorView.swift */ = {isa = PBXFileReference; lastKnownFileType = sourcecode.swift; path = PlayerEditorView.swift; sourceTree = "<group>"; };
		SRC082 /* WeatherSystem.swift */ = {isa = PBXFileReference; lastKnownFileType = sourcecode.swift; path = WeatherSystem.swift; sourceTree = "<group>"; };
		SRC083 /* PlayerControlState.swift */ = {isa = PBXFileReference; lastKnownFileType = sourcecode.swift; path = PlayerControlState.swift; sourceTree = "<group>"; };
		SRC084 /* CoachingProfile.swift */ = {isa = PBXFileReference; lastKnownFileType = sourcecode.swift; path = CoachingProfile.swift; sourceTree = "<group>"; };
		SRC086 /* FastSimEngine.swift */ = {isa = PBXFileReference; lastKnownFileType = sourcecode.swift; path = FastSimEngine.swift; sourceTree = "<group>"; };
		SRC085 /* TrainingCampView.swift */ = {isa = PBXFileReference; lastKnownFileType = sourcecode.swift; path = TrainingCampView.swift; sourceTree = "<group>"; };

		/* Entitlements */
		ENT001 /* footballPro.entitlements */ = {isa = PBXFileReference; lastKnownFileType = text.plist.entitlements; path = footballPro.entitlements; sourceTree = "<group>"; };
		0DBE3A96EF1C83F6D1C037C1 /* RetroStyle.swift */ = {isa = PBXFileReference; lastKnownFileType = sourcecode.swift; path = footballPro/Styles/RetroStyle.swift; sourceTree = SOURCE_ROOT; };
		1E44E63DDDC5274C33620B28 /* PlayRoute.swift */ = {isa = PBXFileReference; lastKnownFileType = sourcecode.swift; path = footballPro/Models/PlayRoute.swift; sourceTree = SOURCE_ROOT; };
		E84D11AB8190F08D13810BA1 /* PlayerRole.swift */ = {isa = PBXFileReference; lastKnownFileType = sourcecode.swift; path = footballPro/Models/PlayerRole.swift; sourceTree = SOURCE_ROOT; };
		93C8BC81932798AE978F7215 /* DefensivePlayArt.swift */ = {isa = PBXFileReference; lastKnownFileType = sourcecode.swift; path = footballPro/Models/DefensivePlayArt.swift; sourceTree = SOURCE_ROOT; };
		1AB3948F3F97A7A0356BEC7D /* SpecialTeamsPlayArt.swift */ = {isa = PBXFileReference; lastKnownFileType = sourcecode.swift; path = footballPro/Models/SpecialTeamsPlayArt.swift; sourceTree = SOURCE_ROOT; };
		A546A62F1266E456547D5C36 /* PlayDiagramView.swift */ = {isa = PBXFileReference; lastKnownFileType = sourcecode.swift; path = footballPro/Views/Game/PlayDiagramView.swift; sourceTree = SOURCE_ROOT; };
		52C4A044231699EDDDFD4ABA /* PlayAnimationEngine.swift */ = {isa = PBXFileReference; lastKnownFileType = sourcecode.swift; path = footballPro/Views/Game/PlayAnimationEngine.swift; sourceTree = SOURCE_ROOT; };
		B7342355E3DA1E34E764E7FF /* FPSFieldView.swift */ = {isa = PBXFileReference; lastKnownFileType = sourcecode.swift; path = footballPro/Views/Game/FPSFieldView.swift; sourceTree = SOURCE_ROOT; };
		10B0ACAF1FC2984D3F73D7F4 /* FieldPhysics.swift */ = {isa = PBXFileReference; lastKnownFileType = sourcecode.swift; path = footballPro/Views/Game/FieldPhysics.swift; sourceTree = SOURCE_ROOT; };
		B616A116A1B386593A1B5E5E /* SplashScreen.swift */ = {isa = PBXFileReference; lastKnownFileType = sourcecode.swift; path = footballPro/Views/Components/SplashScreen.swift; sourceTree = SOURCE_ROOT; };
		B433A2E0D0AA1760A54BDB2F /* PlayAnimationBlueprint.swift */ = {isa = PBXFileReference; lastKnownFileType = sourcecode.swift; path = PlayAnimationBlueprint.swift; sourceTree = "<group>"; };
		FEB89F5B73F019E858B139B4 /* PlayBlueprintGenerator.swift */ = {isa = PBXFileReference; lastKnownFileType = sourcecode.swift; path = PlayBlueprintGenerator.swift; sourceTree = "<group>"; };
		NEW001FR /* FPSPlayCallingScreen.swift */ = {isa = PBXFileReference; lastKnownFileType = sourcecode.swift; path = footballPro/Views/Game/FPSPlayCallingScreen.swift; sourceTree = SOURCE_ROOT; };
		NEW002FR /* FPSScoreboardBar.swift */ = {isa = PBXFileReference; lastKnownFileType = sourcecode.swift; path = footballPro/Views/Game/FPSScoreboardBar.swift; sourceTree = SOURCE_ROOT; };
		NEW003FR /* FPSPlayResultOverlay.swift */ = {isa = PBXFileReference; lastKnownFileType = sourcecode.swift; path = footballPro/Views/Game/FPSPlayResultOverlay.swift; sourceTree = SOURCE_ROOT; };
		NEW004FR /* FPSRefereeOverlay.swift */ = {isa = PBXFileReference; lastKnownFileType = sourcecode.swift; path = footballPro/Views/Game/FPSRefereeOverlay.swift; sourceTree = SOURCE_ROOT; };
		NEW005FR /* FPSReplayControls.swift */ = {isa = PBXFileReference; lastKnownFileType = sourcecode.swift; path = footballPro/Views/Game/FPSReplayControls.swift; sourceTree = SOURCE_ROOT; };
		NEW006FR /* FPSKickingView.swift */ = {isa = PBXFileReference; lastKnownFileType = sourcecode.swift; path = footballPro/Views/Game/FPSKickingView.swift; sourceTree = SOURCE_ROOT; };
		NEW007FR /* FPSSubstitutionPanel.swift */ = {isa = PBXFileReference; lastKnownFileType = sourcecode.swift; path = footballPro/Views/Game/FPSSubstitutionPanel.swift; sourceTree = SOURCE_ROOT; };
		NEW008FR /* FPSEditAudiblesPanel.swift */ = {isa = PBXFileReference; lastKnownFileType = sourcecode.swift; path = footballPro/Views/Game/FPSEditAudiblesPanel.swift; sourceTree = SOURCE_ROOT; };
		NEW009FR /* FPSGameSettingsView.swift */ = {isa = PBXFileReference; lastKnownFileType = sourcecode.swift; path = footballPro/Views/Game/FPSGameSettingsView.swift; sourceTree = SOURCE_ROOT; };
/* End PBXFileReference section */

/* Begin PBXFrameworksBuildPhase section */
		FRM001 /* Frameworks */ = {
			isa = PBXFrameworksBuildPhase;
			buildActionMask = 2147483647;
			files = (
			);
			runOnlyForDeploymentPostprocessing = 0;
		};
/* End PBXFrameworksBuildPhase section */

/* Begin PBXGroup section */
		GRP000 = {
			isa = PBXGroup;
			children = (
				GRP001 /* footballPro */,
				GRP999 /* Products */,
			);
			sourceTree = "<group>";
		};
		GRP001 /* footballPro */ = {
			isa = PBXGroup;
			children = (
				GRP002 /* App */,
				GRP003 /* Models */,
				GRP004 /* Engine */,
				GRP005 /* Input */,
				GRP006 /* ViewModels */,
				GRP007 /* Views */,
				GRP008 /* Services */,
				GRP009 /* Resources */,
				SRC030 /* Assets.xcassets */,
				ENT001 /* footballPro.entitlements */,
			);
			path = footballPro;
			sourceTree = "<group>";
		};
		GRP002 /* App */ = {
			isa = PBXGroup;
			children = (
				SRC001 /* FootballProApp.swift */,
			);
			path = App;
			sourceTree = "<group>";
		};
		GRP003 /* Models */ = {
			isa = PBXGroup;
			children = (
				SRC002 /* Player.swift */,
				SRC003 /* Team.swift */,
				SRC004 /* Game.swift */,
				SRC005 /* Play.swift */,
				SRC006 /* Season.swift */,
				SRC007 /* League.swift */,
				B433A2E0D0AA1760A54BDB2F /* PlayAnimationBlueprint.swift */,
				SRC082 /* WeatherSystem.swift */,
				SRC084 /* CoachingProfile.swift */,
			);
			path = Models;
			sourceTree = "<group>";
		};
		GRP004 /* Engine */ = {
			isa = PBXGroup;
			children = (
				SRC008 /* SimulationEngine.swift */,
				SRC009 /* PlayResolver.swift */,
				SRC010 /* StatCalculator.swift */,
				SRC011 /* AICoach.swift */,
				SRC012 /* DraftEngine.swift */,
				SRC035 /* PhysicsEngine.swift */,
				FEB89F5B73F019E858B139B4 /* PlayBlueprintGenerator.swift */,
				SRC039 /* RouteScriptDecoder.swift */,
				SRC060 /* PlayerAnimationState.swift */,
				SRC086 /* FastSimEngine.swift */,
			);
			path = Engine;
			sourceTree = "<group>";
		};
		GRP005 /* Input */ = {
			isa = PBXGroup;
			children = (
				SRC013 /* InputManager.swift */,
				SRC014 /* ControllerManager.swift */,
				SRC015 /* KeyboardShortcuts.swift */,
				SRC083 /* PlayerControlState.swift */,
			);
			path = Input;
			sourceTree = "<group>";
		};
		GRP006 /* ViewModels */ = {
			isa = PBXGroup;
			children = (
				SRC016 /* GameViewModel.swift */,
				SRC017 /* TeamViewModel.swift */,
				SRC018 /* SeasonViewModel.swift */,
				SRC019 /* LeagueViewModel.swift */,
			);
			path = ViewModels;
			sourceTree = "<group>";
		};
		GRP007 /* Views */ = {
			isa = PBXGroup;
			children = (
				GRP010 /* MainMenu */,
				GRP011 /* Game */,
				GRP012 /* Team */,
				GRP013 /* Components */,
				GRP014 /* Franchise */,
			);
			path = Views;
			sourceTree = "<group>";
		};
		GRP008 /* Services */ = {
			isa = PBXGroup;
			children = (
				SRC026 /* SaveGameService.swift */,
				SRC027 /* SettingsService.swift */,
				SRC031 /* SoundManager.swift */,
				SRC037 /* PRFDecoder.swift */,
				SRC038 /* AuthenticPlaybookLoader.swift */,
				SRC040 /* NameDecoder.swift */,
				SRC041 /* InjuryDecoder.swift */,
				SRC042 /* CitiesDecoder.swift */,
				SRC043 /* PALDecoder.swift */,
				SRC044 /* GameIntroDecoder.swift */,
				SRC045 /* LGEDecoder.swift */,
				SRC046 /* PYRDecoder.swift */,
				SRC047 /* FormationDecoder.swift */,
				SRC048 /* CalendarDecoder.swift */,
				SRC049 /* ScheduleTemplateDecoder.swift */,
				SRC050 /* MagazineDecoder.swift */,
				SRC051 /* ScreenshotService.swift */,
				SRC052 /* ScreenshotHarness.swift */,
				SRC054 /* MsgDecoder.swift */,
				SRC055 /* PYFDecoder.swift */,
				SRC056 /* LGCDecoder.swift */,
				SRC057 /* LGTDecoder.swift */,
				SRC058 /* AnimDecoder.swift */,
				SRC059 /* SpriteCache.swift */,
				SRC062 /* SCRDecoder.swift */,
				SRC063 /* SampleDecoder.swift */,
				SRC064 /* SampleAudioService.swift */,
				SRC074 /* SeasonStatsDecoder.swift */,
				SRC075 /* StockDATDecoder.swift */,
			);
			path = Services;
			sourceTree = "<group>";
		};
		GRP009 /* Resources */ = {
			isa = PBXGroup;
			children = (
				SRC028 /* PlaybookData.json */,
				SRC029 /* TeamData.json */,
				GRP099 /* GameData */,
			);
			path = Resources;
			sourceTree = "<group>";
		};
		GRP099 /* GameData */ = {
			isa = PBXGroup;
			children = (
				GRP100 /* TTM */,
			);
			path = GameData;
			sourceTree = "<group>";
		};
		GRP100 /* TTM */ = {
			isa = PBXGroup;
			children = (
				SRC076 /* BALL.SCR */,
				SRC077 /* KICK.SCR */,
			);
			path = TTM;
			sourceTree = "<group>";
		};
		GRP010 /* MainMenu */ = {
			isa = PBXGroup;
			children = (
				SRC020 /* MainMenuView.swift */,
				SRC078 /* ExhibitionSetupView.swift */,
			);
			path = MainMenu;
			sourceTree = "<group>";
		};
		GRP011 /* Game */ = {
			isa = PBXGroup;
			children = (
				SRC021 /* GameDayView.swift */,
				SRC033 /* RetroFieldView.swift */,
				SRC034 /* FieldView3D.swift */,
				SRC036 /* InteractiveFieldView.swift */,
				SRC079 /* CoinTossView.swift */,
				NEW007FR /* FPSSubstitutionPanel.swift */,
				NEW008FR /* FPSEditAudiblesPanel.swift */,
				NEW009FR /* FPSGameSettingsView.swift */,
			);
			path = Game;
			sourceTree = "<group>";
		};
		GRP012 /* Team */ = {
			isa = PBXGroup;
			children = (
				SRC022 /* RosterView.swift */,
			);
			path = Team;
			sourceTree = "<group>";
		};
		GRP013 /* Components */ = {
			isa = PBXGroup;
			children = (
				SRC023 /* PlayerCard.swift */,
				SRC024 /* StatTable.swift */,
				SRC025 /* NavigationBar.swift */,
				SRC032 /* GameAnimations.swift */,
				SRC053 /* ScreenshotCaptureWindow.swift */,
				SRC061 /* AuthenticSplashScreen.swift */,
			);
			path = Components;
			sourceTree = "<group>";
		};
		GRP014 /* Franchise */ = {
			isa = PBXGroup;
			children = (
				SRC065 /* StandingsView.swift */,
				SRC066 /* StatsView.swift */,
				SRC067 /* DraftRoomView.swift */,
				SRC068 /* PlayoffBracketView.swift */,
				SRC069 /* TradeProposalView.swift */,
				SRC070 /* FreeAgencyView.swift */,
				SRC071 /* DepthChartView.swift */,
				SRC072 /* SaveLoadView.swift */,
				SRC073 /* SettingsView.swift */,
				SRC081 /* PlayerEditorView.swift */,
				SRC085 /* TrainingCampView.swift */,
			);
			path = Franchise;
			sourceTree = "<group>";
		};
		GRP999 /* Products */ = {
			isa = PBXGroup;
			children = (
				PROD001 /* footballPro.app */,
			);
			name = Products;
			sourceTree = "<group>";
		};
/* End PBXGroup section */

/* Begin PBXNativeTarget section */
		TGT001 /* footballPro */ = {
			isa = PBXNativeTarget;
			buildConfigurationList = CFG003 /* Build configuration list for PBXNativeTarget "footballPro" */;
			buildPhases = (
				BLD001 /* Sources */,
				FRM001 /* Frameworks */,
				BLD002 /* Resources */,
			);
			buildRules = (
			);
			dependencies = (
			);
			name = footballPro;
			productName = footballPro;
			productReference = PROD001 /* footballPro.app */;
			productType = "com.apple.product-type.application";
		};
/* End PBXNativeTarget section */

/* Begin PBXProject section */
		PRJ001 /* Project object */ = {
			isa = PBXProject;
			attributes = {
				BuildIndependentTargetsInParallel = 1;
				LastSwiftUpdateCheck = 1500;
				LastUpgradeCheck = 1500;
				TargetAttributes = {
					TGT001 = {
						CreatedOnToolsVersion = 15.0;
					};
				};
			};
			buildConfigurationList = CFG001 /* Build configuration list for PBXProject "footballPro" */;
			compatibilityVersion = "Xcode 14.0";
			developmentRegion = en;
			hasScannedForEncodings = 0;
			knownRegions = (
				en,
				Base,
			);
			mainGroup = GRP000;
			productRefGroup = GRP999 /* Products */;
			projectDirPath = "";
			projectRoot = "";
			targets = (
				TGT001 /* footballPro */,
			);
		};
/* End PBXProject section */

/* Begin PBXResourcesBuildPhase section */
		BLD002 /* Resources */ = {
			isa = PBXResourcesBuildPhase;
			buildActionMask = 2147483647;
			files = (
				RES001 /* PlaybookData.json in Resources */,
				RES002 /* TeamData.json in Resources */,
				RES003 /* Assets.xcassets in Resources */,
				RES004 /* BALL.SCR in Resources */,
				RES005 /* KICK.SCR in Resources */,
			);
			runOnlyForDeploymentPostprocessing = 0;
		};
/* End PBXResourcesBuildPhase section */

/* Begin PBXSourcesBuildPhase section */
		BLD001 /* Sources */ = {
			isa = PBXSourcesBuildPhase;
			buildActionMask = 2147483647;
			files = (
				914732D6C9240E9B10B3A29B /* RetroStyle.swift in Sources */,
				897F2E43EE774621E5A28342 /* PlayRoute.swift in Sources */,
				6796A29516984646DC0CA87F /* PlayerRole.swift in Sources */,
				B60695C31803EF15DAB6ECAA /* DefensivePlayArt.swift in Sources */,
				B74C37943A02234FEE0BF045 /* SpecialTeamsPlayArt.swift in Sources */,
				D001BDE0440565DDE3109F67 /* PlayDiagramView.swift in Sources */,
				21BE0E9D9EAEA11E5DAF6910 /* PlayAnimationEngine.swift in Sources */,
				68FA4D5AF7C5A100C11C022B /* FPSFieldView.swift in Sources */,
				4A99508DF8BE4E42DB728747 /* FieldPhysics.swift in Sources */,
				A80A961EF7B43000700D2CC5 /* SplashScreen.swift in Sources */,
				APP001 /* FootballProApp.swift in Sources */,
				MOD001 /* Player.swift in Sources */,
				MOD002 /* Team.swift in Sources */,
				MOD003 /* Game.swift in Sources */,
				MOD004 /* Play.swift in Sources */,
				MOD005 /* Season.swift in Sources */,
				MOD006 /* League.swift in Sources */,
				MOD007 /* WeatherSystem.swift in Sources */,
				MOD008 /* CoachingProfile.swift in Sources */,
				ENG001 /* SimulationEngine.swift in Sources */,
				ENG002 /* PlayResolver.swift in Sources */,
				ENG003 /* StatCalculator.swift in Sources */,
				ENG004 /* AICoach.swift in Sources */,
				ENG005 /* DraftEngine.swift in Sources */,
				INP001 /* InputManager.swift in Sources */,
				INP002 /* ControllerManager.swift in Sources */,
				INP003 /* KeyboardShortcuts.swift in Sources */,
				VWM001 /* GameViewModel.swift in Sources */,
				VWM002 /* TeamViewModel.swift in Sources */,
				VWM003 /* SeasonViewModel.swift in Sources */,
				VWM004 /* LeagueViewModel.swift in Sources */,
				VIW001 /* MainMenuView.swift in Sources */,
				VIW002 /* GameDayView.swift in Sources */,
				VIW003 /* RosterView.swift in Sources */,
				VIW004 /* PlayerCard.swift in Sources */,
				VIW005 /* StatTable.swift in Sources */,
				VIW006 /* NavigationBar.swift in Sources */,
				SVC001 /* SaveGameService.swift in Sources */,
				SVC002 /* SettingsService.swift in Sources */,
				SVC003 /* SoundManager.swift in Sources */,
				SVC004 /* PRFDecoder.swift in Sources */,
				SVC005 /* AuthenticPlaybookLoader.swift in Sources */,
				SVC006 /* NameDecoder.swift in Sources */,
				SVC007 /* InjuryDecoder.swift in Sources */,
				SVC008 /* CitiesDecoder.swift in Sources */,
				SVC009 /* PALDecoder.swift in Sources */,
				SVC010 /* GameIntroDecoder.swift in Sources */,
				SVC011 /* LGEDecoder.swift in Sources */,
				SVC012 /* PYRDecoder.swift in Sources */,
				SVC013 /* FormationDecoder.swift in Sources */,
				SVC014 /* CalendarDecoder.swift in Sources */,
				SVC015 /* ScheduleTemplateDecoder.swift in Sources */,
				SVC016 /* MagazineDecoder.swift in Sources */,
				VIW007 /* GameAnimations.swift in Sources */,
				VIW008 /* RetroFieldView.swift in Sources */,
				VIW009 /* FieldView3D.swift in Sources */,
				ENG006 /* PhysicsEngine.swift in Sources */,
				ENG007 /* RouteScriptDecoder.swift in Sources */,
				ENG008 /* PlayerAnimationState.swift in Sources */,
				ENG009 /* FastSimEngine.swift in Sources */,
				VIW010 /* InteractiveFieldView.swift in Sources */,
				C206A443E87EA7FEFBA62E7A /* PlayAnimationBlueprint.swift in Sources */,
				3937F22D72A5371AA6B9A9E8 /* PlayBlueprintGenerator.swift in Sources */,
				NEW001BF /* FPSPlayCallingScreen.swift in Sources */,
				NEW002BF /* FPSScoreboardBar.swift in Sources */,
				NEW003BF /* FPSPlayResultOverlay.swift in Sources */,
				NEW004BF /* FPSRefereeOverlay.swift in Sources */,
				NEW005BF /* FPSReplayControls.swift in Sources */,
				NEW007BF /* FPSSubstitutionPanel.swift in Sources */,
				NEW008BF /* FPSEditAudiblesPanel.swift in Sources */,
				NEW009BF /* FPSGameSettingsView.swift in Sources */,
				SVC017 /* ScreenshotService.swift in Sources */,
				SVC018 /* ScreenshotHarness.swift in Sources */,
				SVC019 /* MsgDecoder.swift in Sources */,
				SVC020 /* PYFDecoder.swift in Sources */,
				SVC021 /* LGCDecoder.swift in Sources */,
				SVC022 /* LGTDecoder.swift in Sources */,
				SVC023 /* AnimDecoder.swift in Sources */,
				SVC024 /* SpriteCache.swift in Sources */,
				SVC025 /* SCRDecoder.swift in Sources */,
				SVC026 /* SampleDecoder.swift in Sources */,
				SVC027 /* SampleAudioService.swift in Sources */,
				SVC028 /* SeasonStatsDecoder.swift in Sources */,
				SVC029 /* StockDATDecoder.swift in Sources */,
				VIW011 /* ScreenshotCaptureWindow.swift in Sources */,
				VIW012 /* AuthenticSplashScreen.swift in Sources */,
				VIW013 /* StandingsView.swift in Sources */,
				VIW014 /* StatsView.swift in Sources */,
				VIW015 /* DraftRoomView.swift in Sources */,
				VIW016 /* PlayoffBracketView.swift in Sources */,
				VIW017 /* TradeProposalView.swift in Sources */,
				VIW018 /* FreeAgencyView.swift in Sources */,
				VIW019 /* DepthChartView.swift in Sources */,
				VIW020 /* SaveLoadView.swift in Sources */,
				VIW021 /* SettingsView.swift in Sources */,
				VIW022 /* ExhibitionSetupView.swift in Sources */,
				VIW023 /* CoinTossView.swift in Sources */,
				VIW024 /* FPSKickingView.swift in Sources */,
				VIW025 /* PlayerEditorView.swift in Sources */,
				VIW026 /* TrainingCampView.swift in Sources */,
				INP004 /* PlayerControlState.swift in Sources */,
			);
			runOnlyForDeploymentPostprocessing = 0;
		};
/* End PBXSourcesBuildPhase section */

/* Begin XCBuildConfiguration section */
		CFG101 /* Debug */ = {
			isa = XCBuildConfiguration;
			buildSettings = {
				ALWAYS_SEARCH_USER_PATHS = NO;
				ASSETCATALOG_COMPILER_GENERATE_SWIFT_ASSET_SYMBOL_EXTENSIONS = YES;
				CLANG_ANALYZER_NONNULL = YES;
				CLANG_ANALYZER_NUMBER_OBJECT_CONVERSION = YES_AGGRESSIVE;
				CLANG_CXX_LANGUAGE_STANDARD = "gnu++20";
				CLANG_ENABLE_MODULES = YES;
				CLANG_ENABLE_OBJC_ARC = YES;
				CLANG_ENABLE_OBJC_WEAK = YES;
				CLANG_WARN_BLOCK_CAPTURE_AUTORELEASING = YES;
				CLANG_WARN_BOOL_CONVERSION = YES;
				CLANG_WARN_COMMA = YES;
				CLANG_WARN_CONSTANT_CONVERSION = YES;
				CLANG_WARN_DEPRECATED_OBJC_IMPLEMENTATIONS = YES;
				CLANG_WARN_DIRECT_OBJC_ISA_USAGE = YES_ERROR;
				CLANG_WARN_DOCUMENTATION_COMMENTS = YES;
				CLANG_WARN_EMPTY_BODY = YES;
				CLANG_WARN_ENUM_CONVERSION = YES;
				CLANG_WARN_INFINITE_RECURSION = YES;
				CLANG_WARN_INT_CONVERSION = YES;
				CLANG_WARN_NON_LITERAL_NULL_CONVERSION = YES;
				CLANG_WARN_OBJC_IMPLICIT_RETAIN_SELF = YES;
				CLANG_WARN_OBJC_LITERAL_CONVERSION = YES;
				CLANG_WARN_OBJC_ROOT_CLASS = YES_ERROR;
				CLANG_WARN_QUOTED_INCLUDE_IN_FRAMEWORK_HEADER = YES;
				CLANG_WARN_RANGE_LOOP_ANALYSIS = YES;
				CLANG_WARN_STRICT_PROTOTYPES = YES;
				CLANG_WARN_SUSPICIOUS_MOVE = YES;
				CLANG_WARN_UNGUARDED_AVAILABILITY = YES_AGGRESSIVE;
				CLANG_WARN_UNREACHABLE_CODE = YES;
				CLANG_WARN__DUPLICATE_METHOD_MATCH = YES;
				COPY_PHASE_STRIP = NO;
				DEBUG_INFORMATION_FORMAT = dwarf;
				ENABLE_STRICT_OBJC_MSGSEND = YES;
				ENABLE_TESTABILITY = YES;
				ENABLE_USER_SCRIPT_SANDBOXING = YES;
				GCC_C_LANGUAGE_STANDARD = gnu17;
				GCC_DYNAMIC_NO_PIC = NO;
				GCC_NO_COMMON_BLOCKS = YES;
				GCC_OPTIMIZATION_LEVEL = 0;
				GCC_PREPROCESSOR_DEFINITIONS = (
					"DEBUG=1",
					"$(inherited)",
				);
				GCC_WARN_64_TO_32_BIT_CONVERSION = YES;
				GCC_WARN_ABOUT_RETURN_TYPE = YES_ERROR;
				GCC_WARN_UNDECLARED_SELECTOR = YES;
				GCC_WARN_UNINITIALIZED_AUTOS = YES_AGGRESSIVE;
				GCC_WARN_UNUSED_FUNCTION = YES;
				GCC_WARN_UNUSED_VARIABLE = YES;
				LOCALIZATION_PREFERS_STRING_CATALOGS = YES;
				MACOSX_DEPLOYMENT_TARGET = 14.0;
				MTL_ENABLE_DEBUG_INFO = INCLUDE_SOURCE;
				MTL_FAST_MATH = YES;
				ONLY_ACTIVE_ARCH = YES;
				SDKROOT = macosx;
				SWIFT_ACTIVE_COMPILATION_CONDITIONS = "DEBUG $(inherited)";
				SWIFT_OPTIMIZATION_LEVEL = "-Onone";
			};
			name = Debug;
		};
		CFG102 /* Release */ = {
			isa = XCBuildConfiguration;
			buildSettings = {
				ALWAYS_SEARCH_USER_PATHS = NO;
				ASSETCATALOG_COMPILER_GENERATE_SWIFT_ASSET_SYMBOL_EXTENSIONS = YES;
				CLANG_ANALYZER_NONNULL = YES;
				CLANG_ANALYZER_NUMBER_OBJECT_CONVERSION = YES_AGGRESSIVE;
				CLANG_CXX_LANGUAGE_STANDARD = "gnu++20";
				CLANG_ENABLE_MODULES = YES;
				CLANG_ENABLE_OBJC_ARC = YES;
				CLANG_ENABLE_OBJC_WEAK = YES;
				CLANG_WARN_BLOCK_CAPTURE_AUTORELEASING = YES;
				CLANG_WARN_BOOL_CONVERSION = YES;
				CLANG_WARN_COMMA = YES;
				CLANG_WARN_CONSTANT_CONVERSION = YES;
				CLANG_WARN_DEPRECATED_OBJC_IMPLEMENTATIONS = YES;
				CLANG_WARN_DIRECT_OBJC_ISA_USAGE = YES_ERROR;
				CLANG_WARN_DOCUMENTATION_COMMENTS = YES;
				CLANG_WARN_EMPTY_BODY = YES;
				CLANG_WARN_ENUM_CONVERSION = YES;
				CLANG_WARN_INFINITE_RECURSION = YES;
				CLANG_WARN_INT_CONVERSION = YES;
				CLANG_WARN_NON_LITERAL_NULL_CONVERSION = YES;
				CLANG_WARN_OBJC_IMPLICIT_RETAIN_SELF = YES;
				CLANG_WARN_OBJC_LITERAL_CONVERSION = YES;
				CLANG_WARN_OBJC_ROOT_CLASS = YES_ERROR;
				CLANG_WARN_QUOTED_INCLUDE_IN_FRAMEWORK_HEADER = YES;
				CLANG_WARN_RANGE_LOOP_ANALYSIS = YES;
				CLANG_WARN_STRICT_PROTOTYPES = YES;
				CLANG_WARN_SUSPICIOUS_MOVE = YES;
				CLANG_WARN_UNGUARDED_AVAILABILITY = YES_AGGRESSIVE;
				CLANG_WARN_UNREACHABLE_CODE = YES;
				CLANG_WARN__DUPLICATE_METHOD_MATCH = YES;
				COPY_PHASE_STRIP = NO;
				DEBUG_INFORMATION_FORMAT = "dwarf-with-dsym";
				ENABLE_NS_ASSERTIONS = NO;
				ENABLE_STRICT_OBJC_MSGSEND = YES;
				ENABLE_USER_SCRIPT_SANDBOXING = YES;
				GCC_C_LANGUAGE_STANDARD = gnu17;
				GCC_NO_COMMON_BLOCKS = YES;
				GCC_WARN_64_TO_32_BIT_CONVERSION = YES;
				GCC_WARN_ABOUT_RETURN_TYPE = YES_ERROR;
				GCC_WARN_UNDECLARED_SELECTOR = YES;
				GCC_WARN_UNINITIALIZED_AUTOS = YES_AGGRESSIVE;
				GCC_WARN_UNUSED_FUNCTION = YES;
				GCC_WARN_UNUSED_VARIABLE = YES;
				LOCALIZATION_PREFERS_STRING_CATALOGS = YES;
				MACOSX_DEPLOYMENT_TARGET = 14.0;
				MTL_ENABLE_DEBUG_INFO = NO;
				MTL_FAST_MATH = YES;
				SDKROOT = macosx;
				SWIFT_COMPILATION_MODE = wholemodule;
			};
			name = Release;
		};
		CFG201 /* Debug */ = {
			isa = XCBuildConfiguration;
			buildSettings = {
				ASSETCATALOG_COMPILER_APPICON_NAME = AppIcon;
				ASSETCATALOG_COMPILER_GLOBAL_ACCENT_COLOR_NAME = AccentColor;
				CODE_SIGN_ENTITLEMENTS = footballPro/footballPro.entitlements;
				CODE_SIGN_STYLE = Automatic;
				COMBINE_HIDPI_IMAGES = YES;
				CURRENT_PROJECT_VERSION = 1;
				DEVELOPMENT_TEAM = "";
				ENABLE_HARDENED_RUNTIME = YES;
				ENABLE_PREVIEWS = YES;
				GENERATE_INFOPLIST_FILE = YES;
				INFOPLIST_KEY_CFBundleDisplayName = "Football Pro";
				INFOPLIST_KEY_LSApplicationCategoryType = "public.app-category.sports-games";
				INFOPLIST_KEY_NSHumanReadableCopyright = "";
				LD_RUNPATH_SEARCH_PATHS = (
					"$(inherited)",
					"@executable_path/../Frameworks",
				);
				MARKETING_VERSION = 1.0;
				PRODUCT_BUNDLE_IDENTIFIER = com.footballpro.app;
				PRODUCT_NAME = "$(TARGET_NAME)";
				SWIFT_EMIT_LOC_STRINGS = YES;
				SWIFT_VERSION = 5.0;
			};
			name = Debug;
		};
		CFG202 /* Release */ = {
			isa = XCBuildConfiguration;
			buildSettings = {
				ASSETCATALOG_COMPILER_APPICON_NAME = AppIcon;
				ASSETCATALOG_COMPILER_GLOBAL_ACCENT_COLOR_NAME = AccentColor;
				CODE_SIGN_ENTITLEMENTS = footballPro/footballPro.entitlements;
				CODE_SIGN_STYLE = Automatic;
				COMBINE_HIDPI_IMAGES = YES;
				CURRENT_PROJECT_VERSION = 1;
				DEVELOPMENT_TEAM = "";
				ENABLE_HARDENED_RUNTIME = YES;
				ENABLE_PREVIEWS = YES;
				GENERATE_INFOPLIST_FILE = YES;
				INFOPLIST_KEY_CFBundleDisplayName = "Football Pro";
				INFOPLIST_KEY_LSApplicationCategoryType = "public.app-category.sports-games";
				INFOPLIST_KEY_NSHumanReadableCopyright = "";
				LD_RUNPATH_SEARCH_PATHS = (
					"$(inherited)",
					"@executable_path/../Frameworks",
				);
				MARKETING_VERSION = 1.0;
				PRODUCT_BUNDLE_IDENTIFIER = com.footballpro.app;
				PRODUCT_NAME = "$(TARGET_NAME)";
				SWIFT_EMIT_LOC_STRINGS = YES;
				SWIFT_VERSION = 5.0;
			};
			name = Release;
		};
/* End XCBuildConfiguration section */

/* Begin XCConfigurationList section */
		CFG001 /* Build configuration list for PBXProject "footballPro" */ = {
			isa = XCConfigurationList;
			buildConfigurations = (
				CFG101 /* Debug */,
				CFG102 /* Release */,
			);
			defaultConfigurationIsVisible = 0;
			defaultConfigurationName = Release;
		};
		CFG003 /* Build configuration list for PBXNativeTarget "footballPro" */ = {
			isa = XCConfigurationList;
			buildConfigurations = (
				CFG201 /* Debug */,
				CFG202 /* Release */,
			);
			defaultConfigurationIsVisible = 0;
			defaultConfigurationName = Release;
		};
/* End XCConfigurationList section */
	};
	rootObject = PRJ001 /* Project object */;
}
